// !$*UTF8*$!
{
	archiveVersion = 1;
	classes = {
	};
	objectVersion = 50;
	objects = {

/* Begin PBXBuildFile section */
		D80A4634267D0B5A0078AD99 /* Pomodoro_trialApp.swift in Sources */ = {isa = PBXBuildFile; fileRef = D80A4633267D0B5A0078AD99 /* Pomodoro_trialApp.swift */; };
		D80A4636267D0B5A0078AD99 /* ContentView.swift in Sources */ = {isa = PBXBuildFile; fileRef = D80A4635267D0B5A0078AD99 /* ContentView.swift */; };
		D80A4638267D0B5C0078AD99 /* Assets.xcassets in Resources */ = {isa = PBXBuildFile; fileRef = D80A4637267D0B5C0078AD99 /* Assets.xcassets */; };
		D80A463B267D0B5C0078AD99 /* Preview Assets.xcassets in Resources */ = {isa = PBXBuildFile; fileRef = D80A463A267D0B5C0078AD99 /* Preview Assets.xcassets */; };
		D80A463D267D0B5C0078AD99 /* Persistence.swift in Sources */ = {isa = PBXBuildFile; fileRef = D80A463C267D0B5C0078AD99 /* Persistence.swift */; };
		D80A4640267D0B5C0078AD99 /* Pomodoro_trial.xcdatamodeld in Sources */ = {isa = PBXBuildFile; fileRef = D80A463E267D0B5C0078AD99 /* Pomodoro_trial.xcdatamodeld */; };
		D80A464A267D0C2F0078AD99 /* Home.swift in Sources */ = {isa = PBXBuildFile; fileRef = D80A4649267D0C2F0078AD99 /* Home.swift */; };
		D80A464C267D0D120078AD99 /* MainPage.swift in Sources */ = {isa = PBXBuildFile; fileRef = D80A464B267D0D120078AD99 /* MainPage.swift */; };
		D80A464E267D2FFC0078AD99 /* Time.swift in Sources */ = {isa = PBXBuildFile; fileRef = D80A464D267D2FFC0078AD99 /* Time.swift */; };
		D872DC1326863C88003CACFE /* TimerManager.swift in Sources */ = {isa = PBXBuildFile; fileRef = D872DC1226863C88003CACFE /* TimerManager.swift */; };
		D8925C3B268352A900C804FC /* Helper.swift in Sources */ = {isa = PBXBuildFile; fileRef = D8925C3A268352A900C804FC /* Helper.swift */; };
		D8D2159926944BC2000758E1 /* SettingsPage.swift in Sources */ = {isa = PBXBuildFile; fileRef = D8D2159826944BC2000758E1 /* SettingsPage.swift */; };
		D8D2159B269492B4000758E1 /* TimeSelection.swift in Sources */ = {isa = PBXBuildFile; fileRef = D8D2159A269492B3000758E1 /* TimeSelection.swift */; };
/* End PBXBuildFile section */

/* Begin PBXFileReference section */
		D80A4630267D0B5A0078AD99 /* Pomodoro-trial.app */ = {isa = PBXFileReference; explicitFileType = wrapper.application; includeInIndex = 0; path = "Pomodoro-trial.app"; sourceTree = BUILT_PRODUCTS_DIR; };
		D80A4633267D0B5A0078AD99 /* Pomodoro_trialApp.swift */ = {isa = PBXFileReference; lastKnownFileType = sourcecode.swift; path = Pomodoro_trialApp.swift; sourceTree = "<group>"; };
		D80A4635267D0B5A0078AD99 /* ContentView.swift */ = {isa = PBXFileReference; lastKnownFileType = sourcecode.swift; path = ContentView.swift; sourceTree = "<group>"; };
		D80A4637267D0B5C0078AD99 /* Assets.xcassets */ = {isa = PBXFileReference; lastKnownFileType = folder.assetcatalog; path = Assets.xcassets; sourceTree = "<group>"; };
		D80A463A267D0B5C0078AD99 /* Preview Assets.xcassets */ = {isa = PBXFileReference; lastKnownFileType = folder.assetcatalog; path = "Preview Assets.xcassets"; sourceTree = "<group>"; };
		D80A463C267D0B5C0078AD99 /* Persistence.swift */ = {isa = PBXFileReference; lastKnownFileType = sourcecode.swift; path = Persistence.swift; sourceTree = "<group>"; };
		D80A463F267D0B5C0078AD99 /* Pomodoro_trial.xcdatamodel */ = {isa = PBXFileReference; lastKnownFileType = wrapper.xcdatamodel; path = Pomodoro_trial.xcdatamodel; sourceTree = "<group>"; };
		D80A4641267D0B5C0078AD99 /* Info.plist */ = {isa = PBXFileReference; lastKnownFileType = text.plist.xml; path = Info.plist; sourceTree = "<group>"; };
		D80A4649267D0C2F0078AD99 /* Home.swift */ = {isa = PBXFileReference; lastKnownFileType = sourcecode.swift; path = Home.swift; sourceTree = "<group>"; };
		D80A464B267D0D120078AD99 /* MainPage.swift */ = {isa = PBXFileReference; lastKnownFileType = sourcecode.swift; path = MainPage.swift; sourceTree = "<group>"; };
		D80A464D267D2FFC0078AD99 /* Time.swift */ = {isa = PBXFileReference; lastKnownFileType = sourcecode.swift; path = Time.swift; sourceTree = "<group>"; };
		D872DC1226863C88003CACFE /* TimerManager.swift */ = {isa = PBXFileReference; lastKnownFileType = sourcecode.swift; path = TimerManager.swift; sourceTree = "<group>"; };
		D8925C3A268352A900C804FC /* Helper.swift */ = {isa = PBXFileReference; lastKnownFileType = sourcecode.swift; path = Helper.swift; sourceTree = "<group>"; };
		D8D2159826944BC2000758E1 /* SettingsPage.swift */ = {isa = PBXFileReference; lastKnownFileType = sourcecode.swift; path = SettingsPage.swift; sourceTree = "<group>"; };
		D8D2159A269492B3000758E1 /* TimeSelection.swift */ = {isa = PBXFileReference; lastKnownFileType = sourcecode.swift; path = TimeSelection.swift; sourceTree = "<group>"; };
/* End PBXFileReference section */

/* Begin PBXFrameworksBuildPhase section */
		D80A462D267D0B5A0078AD99 /* Frameworks */ = {
			isa = PBXFrameworksBuildPhase;
			buildActionMask = 2147483647;
			files = (
			);
			runOnlyForDeploymentPostprocessing = 0;
		};
/* End PBXFrameworksBuildPhase section */

/* Begin PBXGroup section */
		D80A4627267D0B5A0078AD99 = {
			isa = PBXGroup;
			children = (
				D80A4632267D0B5A0078AD99 /* Pomodoro-trial */,
				D80A4631267D0B5A0078AD99 /* Products */,
			);
			sourceTree = "<group>";
		};
		D80A4631267D0B5A0078AD99 /* Products */ = {
			isa = PBXGroup;
			children = (
				D80A4630267D0B5A0078AD99 /* Pomodoro-trial.app */,
			);
			name = Products;
			sourceTree = "<group>";
		};
		D80A4632267D0B5A0078AD99 /* Pomodoro-trial */ = {
			isa = PBXGroup;
			children = (
				D80A4633267D0B5A0078AD99 /* Pomodoro_trialApp.swift */,
				D80A4635267D0B5A0078AD99 /* ContentView.swift */,
				D80A4651267DDC600078AD99 /* Models */,
				D80A4650267DDC3E0078AD99 /* Views */,
				D80A4637267D0B5C0078AD99 /* Assets.xcassets */,
				D80A4641267D0B5C0078AD99 /* Info.plist */,
				D80A463E267D0B5C0078AD99 /* Pomodoro_trial.xcdatamodeld */,
				D80A4639267D0B5C0078AD99 /* Preview Content */,
			);
			path = "Pomodoro-trial";
			sourceTree = "<group>";
		};
		D80A4639267D0B5C0078AD99 /* Preview Content */ = {
			isa = PBXGroup;
			children = (
				D80A463A267D0B5C0078AD99 /* Preview Assets.xcassets */,
			);
			path = "Preview Content";
			sourceTree = "<group>";
		};
		D80A4650267DDC3E0078AD99 /* Views */ = {
			isa = PBXGroup;
			children = (
				D80A4649267D0C2F0078AD99 /* Home.swift */,
				D80A464B267D0D120078AD99 /* MainPage.swift */,
				D8D2159826944BC2000758E1 /* SettingsPage.swift */,
			);
			name = Views;
			path = "New Group/Views";
			sourceTree = "<group>";
		};
		D80A4651267DDC600078AD99 /* Models */ = {
			isa = PBXGroup;
			children = (
				D80A463C267D0B5C0078AD99 /* Persistence.swift */,
				D80A464D267D2FFC0078AD99 /* Time.swift */,
				D8925C3A268352A900C804FC /* Helper.swift */,
				D872DC1226863C88003CACFE /* TimerManager.swift */,
				D8D2159A269492B3000758E1 /* TimeSelection.swift */,
			);
			path = Models;
			sourceTree = "<group>";
		};
/* End PBXGroup section */

/* Begin PBXNativeTarget section */
		D80A462F267D0B5A0078AD99 /* Pomodoro-trial */ = {
			isa = PBXNativeTarget;
			buildConfigurationList = D80A4644267D0B5C0078AD99 /* Build configuration list for PBXNativeTarget "Pomodoro-trial" */;
			buildPhases = (
				D80A462C267D0B5A0078AD99 /* Sources */,
				D80A462D267D0B5A0078AD99 /* Frameworks */,
				D80A462E267D0B5A0078AD99 /* Resources */,
			);
			buildRules = (
			);
			dependencies = (
			);
			name = "Pomodoro-trial";
			productName = "Pomodoro-trial";
			productReference = D80A4630267D0B5A0078AD99 /* Pomodoro-trial.app */;
			productType = "com.apple.product-type.application";
		};
/* End PBXNativeTarget section */

/* Begin PBXProject section */
		D80A4628267D0B5A0078AD99 /* Project object */ = {
			isa = PBXProject;
			attributes = {
				LastSwiftUpdateCheck = 1250;
				LastUpgradeCheck = 1250;
				TargetAttributes = {
					D80A462F267D0B5A0078AD99 = {
						CreatedOnToolsVersion = 12.5;
					};
				};
			};
			buildConfigurationList = D80A462B267D0B5A0078AD99 /* Build configuration list for PBXProject "Pomodoro-trial" */;
			compatibilityVersion = "Xcode 9.3";
			developmentRegion = en;
			hasScannedForEncodings = 0;
			knownRegions = (
				en,
				Base,
			);
			mainGroup = D80A4627267D0B5A0078AD99;
			productRefGroup = D80A4631267D0B5A0078AD99 /* Products */;
			projectDirPath = "";
			projectRoot = "";
			targets = (
				D80A462F267D0B5A0078AD99 /* Pomodoro-trial */,
			);
		};
/* End PBXProject section */

/* Begin PBXResourcesBuildPhase section */
		D80A462E267D0B5A0078AD99 /* Resources */ = {
			isa = PBXResourcesBuildPhase;
			buildActionMask = 2147483647;
			files = (
				D80A463B267D0B5C0078AD99 /* Preview Assets.xcassets in Resources */,
				D80A4638267D0B5C0078AD99 /* Assets.xcassets in Resources */,
			);
			runOnlyForDeploymentPostprocessing = 0;
		};
/* End PBXResourcesBuildPhase section */

/* Begin PBXSourcesBuildPhase section */
		D80A462C267D0B5A0078AD99 /* Sources */ = {
			isa = PBXSourcesBuildPhase;
			buildActionMask = 2147483647;
			files = (
				D80A463D267D0B5C0078AD99 /* Persistence.swift in Sources */,
				D80A4640267D0B5C0078AD99 /* Pomodoro_trial.xcdatamodeld in Sources */,
				D80A464E267D2FFC0078AD99 /* Time.swift in Sources */,
				D80A464A267D0C2F0078AD99 /* Home.swift in Sources */,
				D80A4636267D0B5A0078AD99 /* ContentView.swift in Sources */,
				D8D2159B269492B4000758E1 /* TimeSelection.swift in Sources */,
				D8925C3B268352A900C804FC /* Helper.swift in Sources */,
				D872DC1326863C88003CACFE /* TimerManager.swift in Sources */,
				D80A4634267D0B5A0078AD99 /* Pomodoro_trialApp.swift in Sources */,
				D80A464C267D0D120078AD99 /* MainPage.swift in Sources */,
				D8D2159926944BC2000758E1 /* SettingsPage.swift in Sources */,
			);
			runOnlyForDeploymentPostprocessing = 0;
		};
/* End PBXSourcesBuildPhase section */

/* Begin XCBuildConfiguration section */
		D80A4642267D0B5C0078AD99 /* Debug */ = {
			isa = XCBuildConfiguration;
			buildSettings = {
				ALWAYS_SEARCH_USER_PATHS = NO;
				CLANG_ANALYZER_NONNULL = YES;
				CLANG_ANALYZER_NUMBER_OBJECT_CONVERSION = YES_AGGRESSIVE;
				CLANG_CXX_LANGUAGE_STANDARD = "gnu++14";
				CLANG_CXX_LIBRARY = "libc++";
				CLANG_ENABLE_MODULES = YES;
				CLANG_ENABLE_OBJC_ARC = YES;
				CLANG_ENABLE_OBJC_WEAK = YES;
				CLANG_WARN_BLOCK_CAPTURE_AUTORELEASING = YES;
				CLANG_WARN_BOOL_CONVERSION = YES;
				CLANG_WARN_COMMA = YES;
				CLANG_WARN_CONSTANT_CONVERSION = YES;
				CLANG_WARN_DEPRECATED_OBJC_IMPLEMENTATIONS = YES;
				CLANG_WARN_DIRECT_OBJC_ISA_USAGE = YES_ERROR;
				CLANG_WARN_DOCUMENTATION_COMMENTS = YES;
				CLANG_WARN_EMPTY_BODY = YES;
				CLANG_WARN_ENUM_CONVERSION = YES;
				CLANG_WARN_INFINITE_RECURSION = YES;
				CLANG_WARN_INT_CONVERSION = YES;
				CLANG_WARN_NON_LITERAL_NULL_CONVERSION = YES;
				CLANG_WARN_OBJC_IMPLICIT_RETAIN_SELF = YES;
				CLANG_WARN_OBJC_LITERAL_CONVERSION = YES;
				CLANG_WARN_OBJC_ROOT_CLASS = YES_ERROR;
				CLANG_WARN_QUOTED_INCLUDE_IN_FRAMEWORK_HEADER = YES;
				CLANG_WARN_RANGE_LOOP_ANALYSIS = YES;
				CLANG_WARN_STRICT_PROTOTYPES = YES;
				CLANG_WARN_SUSPICIOUS_MOVE = YES;
				CLANG_WARN_UNGUARDED_AVAILABILITY = YES_AGGRESSIVE;
				CLANG_WARN_UNREACHABLE_CODE = YES;
				CLANG_WARN__DUPLICATE_METHOD_MATCH = YES;
				COPY_PHASE_STRIP = NO;
				DEBUG_INFORMATION_FORMAT = dwarf;
				ENABLE_STRICT_OBJC_MSGSEND = YES;
				ENABLE_TESTABILITY = YES;
				GCC_C_LANGUAGE_STANDARD = gnu11;
				GCC_DYNAMIC_NO_PIC = NO;
				GCC_NO_COMMON_BLOCKS = YES;
				GCC_OPTIMIZATION_LEVEL = 0;
				GCC_PREPROCESSOR_DEFINITIONS = (
					"DEBUG=1",
					"$(inherited)",
				);
				GCC_WARN_64_TO_32_BIT_CONVERSION = YES;
				GCC_WARN_ABOUT_RETURN_TYPE = YES_ERROR;
				GCC_WARN_UNDECLARED_SELECTOR = YES;
				GCC_WARN_UNINITIALIZED_AUTOS = YES_AGGRESSIVE;
				GCC_WARN_UNUSED_FUNCTION = YES;
				GCC_WARN_UNUSED_VARIABLE = YES;
				IPHONEOS_DEPLOYMENT_TARGET = 14.5;
				MTL_ENABLE_DEBUG_INFO = INCLUDE_SOURCE;
				MTL_FAST_MATH = YES;
				ONLY_ACTIVE_ARCH = YES;
				SDKROOT = iphoneos;
				SWIFT_ACTIVE_COMPILATION_CONDITIONS = DEBUG;
				SWIFT_OPTIMIZATION_LEVEL = "-Onone";
			};
			name = Debug;
		};
		D80A4643267D0B5C0078AD99 /* Release */ = {
			isa = XCBuildConfiguration;
			buildSettings = {
				ALWAYS_SEARCH_USER_PATHS = NO;
				CLANG_ANALYZER_NONNULL = YES;
				CLANG_ANALYZER_NUMBER_OBJECT_CONVERSION = YES_AGGRESSIVE;
				CLANG_CXX_LANGUAGE_STANDARD = "gnu++14";
				CLANG_CXX_LIBRARY = "libc++";
				CLANG_ENABLE_MODULES = YES;
				CLANG_ENABLE_OBJC_ARC = YES;
				CLANG_ENABLE_OBJC_WEAK = YES;
				CLANG_WARN_BLOCK_CAPTURE_AUTORELEASING = YES;
				CLANG_WARN_BOOL_CONVERSION = YES;
				CLANG_WARN_COMMA = YES;
				CLANG_WARN_CONSTANT_CONVERSION = YES;
				CLANG_WARN_DEPRECATED_OBJC_IMPLEMENTATIONS = YES;
				CLANG_WARN_DIRECT_OBJC_ISA_USAGE = YES_ERROR;
				CLANG_WARN_DOCUMENTATION_COMMENTS = YES;
				CLANG_WARN_EMPTY_BODY = YES;
				CLANG_WARN_ENUM_CONVERSION = YES;
				CLANG_WARN_INFINITE_RECURSION = YES;
				CLANG_WARN_INT_CONVERSION = YES;
				CLANG_WARN_NON_LITERAL_NULL_CONVERSION = YES;
				CLANG_WARN_OBJC_IMPLICIT_RETAIN_SELF = YES;
				CLANG_WARN_OBJC_LITERAL_CONVERSION = YES;
				CLANG_WARN_OBJC_ROOT_CLASS = YES_ERROR;
				CLANG_WARN_QUOTED_INCLUDE_IN_FRAMEWORK_HEADER = YES;
				CLANG_WARN_RANGE_LOOP_ANALYSIS = YES;
				CLANG_WARN_STRICT_PROTOTYPES = YES;
				CLANG_WARN_SUSPICIOUS_MOVE = YES;
				CLANG_WARN_UNGUARDED_AVAILABILITY = YES_AGGRESSIVE;
				CLANG_WARN_UNREACHABLE_CODE = YES;
				CLANG_WARN__DUPLICATE_METHOD_MATCH = YES;
				COPY_PHASE_STRIP = NO;
				DEBUG_INFORMATION_FORMAT = "dwarf-with-dsym";
				ENABLE_NS_ASSERTIONS = NO;
				ENABLE_STRICT_OBJC_MSGSEND = YES;
				GCC_C_LANGUAGE_STANDARD = gnu11;
				GCC_NO_COMMON_BLOCKS = YES;
				GCC_WARN_64_TO_32_BIT_CONVERSION = YES;
				GCC_WARN_ABOUT_RETURN_TYPE = YES_ERROR;
				GCC_WARN_UNDECLARED_SELECTOR = YES;
				GCC_WARN_UNINITIALIZED_AUTOS = YES_AGGRESSIVE;
				GCC_WARN_UNUSED_FUNCTION = YES;
				GCC_WARN_UNUSED_VARIABLE = YES;
				IPHONEOS_DEPLOYMENT_TARGET = 14.5;
				MTL_ENABLE_DEBUG_INFO = NO;
				MTL_FAST_MATH = YES;
				SDKROOT = iphoneos;
				SWIFT_COMPILATION_MODE = wholemodule;
				SWIFT_OPTIMIZATION_LEVEL = "-O";
				VALIDATE_PRODUCT = YES;
			};
			name = Release;
		};
		D80A4645267D0B5C0078AD99 /* Debug */ = {
			isa = XCBuildConfiguration;
			buildSettings = {
				ASSETCATALOG_COMPILER_APPICON_NAME = AppIcon;
				ASSETCATALOG_COMPILER_GLOBAL_ACCENT_COLOR_NAME = AccentColor;
				CODE_SIGN_STYLE = Automatic;
				DEVELOPMENT_ASSET_PATHS = "\"Pomodoro-trial/Preview Content\"";
				DEVELOPMENT_TEAM = 7LSPRM5R8H;
				ENABLE_PREVIEWS = YES;
				INFOPLIST_FILE = "Pomodoro-trial/Info.plist";
				IPHONEOS_DEPLOYMENT_TARGET = 14.0;
				LD_RUNPATH_SEARCH_PATHS = (
					"$(inherited)",
					"@executable_path/Frameworks",
				);
				PRODUCT_BUNDLE_IDENTIFIER = "com.dogukaan.Pomodoro-trial";
				PRODUCT_NAME = "$(TARGET_NAME)";
				SWIFT_VERSION = 5.0;
				TARGETED_DEVICE_FAMILY = "1,2";
			};
			name = Debug;
		};
		D80A4646267D0B5C0078AD99 /* Release */ = {
			isa = XCBuildConfiguration;
			buildSettings = {
				ASSETCATALOG_COMPILER_APPICON_NAME = AppIcon;
				ASSETCATALOG_COMPILER_GLOBAL_ACCENT_COLOR_NAME = AccentColor;
				CODE_SIGN_STYLE = Automatic;
				DEVELOPMENT_ASSET_PATHS = "\"Pomodoro-trial/Preview Content\"";
				DEVELOPMENT_TEAM = 7LSPRM5R8H;
				ENABLE_PREVIEWS = YES;
				INFOPLIST_FILE = "Pomodoro-trial/Info.plist";
				IPHONEOS_DEPLOYMENT_TARGET = 14.0;
				LD_RUNPATH_SEARCH_PATHS = (
					"$(inherited)",
					"@executable_path/Frameworks",
				);
				PRODUCT_BUNDLE_IDENTIFIER = "com.dogukaan.Pomodoro-trial";
				PRODUCT_NAME = "$(TARGET_NAME)";
				SWIFT_VERSION = 5.0;
				TARGETED_DEVICE_FAMILY = "1,2";
			};
			name = Release;
		};
/* End XCBuildConfiguration section */

/* Begin XCConfigurationList section */
		D80A462B267D0B5A0078AD99 /* Build configuration list for PBXProject "Pomodoro-trial" */ = {
			isa = XCConfigurationList;
			buildConfigurations = (
				D80A4642267D0B5C0078AD99 /* Debug */,
				D80A4643267D0B5C0078AD99 /* Release */,
			);
			defaultConfigurationIsVisible = 0;
			defaultConfigurationName = Release;
		};
		D80A4644267D0B5C0078AD99 /* Build configuration list for PBXNativeTarget "Pomodoro-trial" */ = {
			isa = XCConfigurationList;
			buildConfigurations = (
				D80A4645267D0B5C0078AD99 /* Debug */,
				D80A4646267D0B5C0078AD99 /* Release */,
			);
			defaultConfigurationIsVisible = 0;
			defaultConfigurationName = Release;
		};
/* End XCConfigurationList section */

/* Begin XCVersionGroup section */
		D80A463E267D0B5C0078AD99 /* Pomodoro_trial.xcdatamodeld */ = {
			isa = XCVersionGroup;
			children = (
				D80A463F267D0B5C0078AD99 /* Pomodoro_trial.xcdatamodel */,
			);
			currentVersion = D80A463F267D0B5C0078AD99 /* Pomodoro_trial.xcdatamodel */;
			path = Pomodoro_trial.xcdatamodeld;
			sourceTree = "<group>";
			versionGroupType = wrapper.xcdatamodel;
		};
/* End XCVersionGroup section */
	};
	rootObject = D80A4628267D0B5A0078AD99 /* Project object */;
}
